// !$*UTF8*$!
{
	archiveVersion = 1;
	classes = {
	};
	objectVersion = 46;
	objects = {

/* Begin PBXBuildFile section */
		265EA2722B03B079D10898B2 /* Pods_FitTrackrTests.framework in Frameworks */ = {isa = PBXBuildFile; fileRef = 95BC460602B92940419BB010 /* Pods_FitTrackrTests.framework */; };
		312A80F61E30011B003FB1F0 /* AppDelegate.swift in Sources */ = {isa = PBXBuildFile; fileRef = 312A80F51E30011B003FB1F0 /* AppDelegate.swift */; };
		312A80F81E30011B003FB1F0 /* InitialViewController.swift in Sources */ = {isa = PBXBuildFile; fileRef = 312A80F71E30011B003FB1F0 /* InitialViewController.swift */; };
		312A80FB1E30011B003FB1F0 /* Main.storyboard in Resources */ = {isa = PBXBuildFile; fileRef = 312A80F91E30011B003FB1F0 /* Main.storyboard */; };
		312A80FD1E30011B003FB1F0 /* Assets.xcassets in Resources */ = {isa = PBXBuildFile; fileRef = 312A80FC1E30011B003FB1F0 /* Assets.xcassets */; };
		312A81001E30011B003FB1F0 /* LaunchScreen.storyboard in Resources */ = {isa = PBXBuildFile; fileRef = 312A80FE1E30011B003FB1F0 /* LaunchScreen.storyboard */; };
		312A810B1E30011B003FB1F0 /* FitTrackrTests.swift in Sources */ = {isa = PBXBuildFile; fileRef = 312A810A1E30011B003FB1F0 /* FitTrackrTests.swift */; };
		312A81161E30011B003FB1F0 /* FitTrackrUITests.swift in Sources */ = {isa = PBXBuildFile; fileRef = 312A81151E30011B003FB1F0 /* FitTrackrUITests.swift */; };
		314AB7FF1E31B16200B7B147 /* PopUpViewController.swift in Sources */ = {isa = PBXBuildFile; fileRef = 314AB7FE1E31B16200B7B147 /* PopUpViewController.swift */; };
		31F7406E1E3174BD009F54B4 /* MapNode.swift in Sources */ = {isa = PBXBuildFile; fileRef = 31F7406D1E3174BD009F54B4 /* MapNode.swift */; };
		F19258E729C02A538E60EFE5 /* Pods_FitTrackrUITests.framework in Frameworks */ = {isa = PBXBuildFile; fileRef = 32FA34B734EDF3E9E8324291 /* Pods_FitTrackrUITests.framework */; };
		FDA37BB08E833658958E0B67 /* Pods_FitTrackr.framework in Frameworks */ = {isa = PBXBuildFile; fileRef = 098E3892EF46CB5D7F9C0EB5 /* Pods_FitTrackr.framework */; };
/* End PBXBuildFile section */

/* Begin PBXContainerItemProxy section */
		312A81071E30011B003FB1F0 /* PBXContainerItemProxy */ = {
			isa = PBXContainerItemProxy;
			containerPortal = 312A80EA1E30011B003FB1F0 /* Project object */;
			proxyType = 1;
			remoteGlobalIDString = 312A80F11E30011B003FB1F0;
			remoteInfo = FitTrackr;
		};
		312A81121E30011B003FB1F0 /* PBXContainerItemProxy */ = {
			isa = PBXContainerItemProxy;
			containerPortal = 312A80EA1E30011B003FB1F0 /* Project object */;
			proxyType = 1;
			remoteGlobalIDString = 312A80F11E30011B003FB1F0;
			remoteInfo = FitTrackr;
		};
/* End PBXContainerItemProxy section */

/* Begin PBXFileReference section */
		098E3892EF46CB5D7F9C0EB5 /* Pods_FitTrackr.framework */ = {isa = PBXFileReference; explicitFileType = wrapper.framework; includeInIndex = 0; path = Pods_FitTrackr.framework; sourceTree = BUILT_PRODUCTS_DIR; };
		312A80F21E30011B003FB1F0 /* FitTrackr.app */ = {isa = PBXFileReference; explicitFileType = wrapper.application; includeInIndex = 0; path = FitTrackr.app; sourceTree = BUILT_PRODUCTS_DIR; };
		312A80F51E30011B003FB1F0 /* AppDelegate.swift */ = {isa = PBXFileReference; lastKnownFileType = sourcecode.swift; path = AppDelegate.swift; sourceTree = "<group>"; };
		312A80F71E30011B003FB1F0 /* InitialViewController.swift */ = {isa = PBXFileReference; lastKnownFileType = sourcecode.swift; path = InitialViewController.swift; sourceTree = "<group>"; };
		312A80FA1E30011B003FB1F0 /* Base */ = {isa = PBXFileReference; lastKnownFileType = file.storyboard; name = Base; path = Base.lproj/Main.storyboard; sourceTree = "<group>"; };
		312A80FC1E30011B003FB1F0 /* Assets.xcassets */ = {isa = PBXFileReference; lastKnownFileType = folder.assetcatalog; path = Assets.xcassets; sourceTree = "<group>"; };
		312A80FF1E30011B003FB1F0 /* Base */ = {isa = PBXFileReference; lastKnownFileType = file.storyboard; name = Base; path = Base.lproj/LaunchScreen.storyboard; sourceTree = "<group>"; };
		312A81011E30011B003FB1F0 /* Info.plist */ = {isa = PBXFileReference; lastKnownFileType = text.plist.xml; path = Info.plist; sourceTree = "<group>"; };
		312A81061E30011B003FB1F0 /* FitTrackrTests.xctest */ = {isa = PBXFileReference; explicitFileType = wrapper.cfbundle; includeInIndex = 0; path = FitTrackrTests.xctest; sourceTree = BUILT_PRODUCTS_DIR; };
		312A810A1E30011B003FB1F0 /* FitTrackrTests.swift */ = {isa = PBXFileReference; lastKnownFileType = sourcecode.swift; path = FitTrackrTests.swift; sourceTree = "<group>"; };
		312A810C1E30011B003FB1F0 /* Info.plist */ = {isa = PBXFileReference; lastKnownFileType = text.plist.xml; path = Info.plist; sourceTree = "<group>"; };
		312A81111E30011B003FB1F0 /* FitTrackrUITests.xctest */ = {isa = PBXFileReference; explicitFileType = wrapper.cfbundle; includeInIndex = 0; path = FitTrackrUITests.xctest; sourceTree = BUILT_PRODUCTS_DIR; };
		312A81151E30011B003FB1F0 /* FitTrackrUITests.swift */ = {isa = PBXFileReference; lastKnownFileType = sourcecode.swift; path = FitTrackrUITests.swift; sourceTree = "<group>"; };
		312A81171E30011B003FB1F0 /* Info.plist */ = {isa = PBXFileReference; lastKnownFileType = text.plist.xml; path = Info.plist; sourceTree = "<group>"; };
		314AB7FE1E31B16200B7B147 /* PopUpViewController.swift */ = {isa = PBXFileReference; fileEncoding = 4; lastKnownFileType = sourcecode.swift; path = PopUpViewController.swift; sourceTree = "<group>"; };
		31F7406D1E3174BD009F54B4 /* MapNode.swift */ = {isa = PBXFileReference; fileEncoding = 4; lastKnownFileType = sourcecode.swift; path = MapNode.swift; sourceTree = "<group>"; };
		32FA34B734EDF3E9E8324291 /* Pods_FitTrackrUITests.framework */ = {isa = PBXFileReference; explicitFileType = wrapper.framework; includeInIndex = 0; path = Pods_FitTrackrUITests.framework; sourceTree = BUILT_PRODUCTS_DIR; };
		50EBE0A24EA79839A1E18B31 /* Pods-FitTrackrUITests.release.xcconfig */ = {isa = PBXFileReference; includeInIndex = 1; lastKnownFileType = text.xcconfig; name = "Pods-FitTrackrUITests.release.xcconfig"; path = "Pods/Target Support Files/Pods-FitTrackrUITests/Pods-FitTrackrUITests.release.xcconfig"; sourceTree = "<group>"; };
		7750473D83957C5A26131598 /* Pods-FitTrackr.debug.xcconfig */ = {isa = PBXFileReference; includeInIndex = 1; lastKnownFileType = text.xcconfig; name = "Pods-FitTrackr.debug.xcconfig"; path = "Pods/Target Support Files/Pods-FitTrackr/Pods-FitTrackr.debug.xcconfig"; sourceTree = "<group>"; };
		8B1F9DF03A88B368FB87FD70 /* Pods-FitTrackrTests.release.xcconfig */ = {isa = PBXFileReference; includeInIndex = 1; lastKnownFileType = text.xcconfig; name = "Pods-FitTrackrTests.release.xcconfig"; path = "Pods/Target Support Files/Pods-FitTrackrTests/Pods-FitTrackrTests.release.xcconfig"; sourceTree = "<group>"; };
		95BC460602B92940419BB010 /* Pods_FitTrackrTests.framework */ = {isa = PBXFileReference; explicitFileType = wrapper.framework; includeInIndex = 0; path = Pods_FitTrackrTests.framework; sourceTree = BUILT_PRODUCTS_DIR; };
		B2421817575CCB15066EDA7D /* Pods-FitTrackrTests.debug.xcconfig */ = {isa = PBXFileReference; includeInIndex = 1; lastKnownFileType = text.xcconfig; name = "Pods-FitTrackrTests.debug.xcconfig"; path = "Pods/Target Support Files/Pods-FitTrackrTests/Pods-FitTrackrTests.debug.xcconfig"; sourceTree = "<group>"; };
		E97C872B11C0690787951845 /* Pods-FitTrackr.release.xcconfig */ = {isa = PBXFileReference; includeInIndex = 1; lastKnownFileType = text.xcconfig; name = "Pods-FitTrackr.release.xcconfig"; path = "Pods/Target Support Files/Pods-FitTrackr/Pods-FitTrackr.release.xcconfig"; sourceTree = "<group>"; };
		FE4FB5A22A8768E6A23F400A /* Pods-FitTrackrUITests.debug.xcconfig */ = {isa = PBXFileReference; includeInIndex = 1; lastKnownFileType = text.xcconfig; name = "Pods-FitTrackrUITests.debug.xcconfig"; path = "Pods/Target Support Files/Pods-FitTrackrUITests/Pods-FitTrackrUITests.debug.xcconfig"; sourceTree = "<group>"; };
/* End PBXFileReference section */

/* Begin PBXFrameworksBuildPhase section */
		312A80EF1E30011B003FB1F0 /* Frameworks */ = {
			isa = PBXFrameworksBuildPhase;
			buildActionMask = 2147483647;
			files = (
				FDA37BB08E833658958E0B67 /* Pods_FitTrackr.framework in Frameworks */,
			);
			runOnlyForDeploymentPostprocessing = 0;
		};
		312A81031E30011B003FB1F0 /* Frameworks */ = {
			isa = PBXFrameworksBuildPhase;
			buildActionMask = 2147483647;
			files = (
				265EA2722B03B079D10898B2 /* Pods_FitTrackrTests.framework in Frameworks */,
			);
			runOnlyForDeploymentPostprocessing = 0;
		};
		312A810E1E30011B003FB1F0 /* Frameworks */ = {
			isa = PBXFrameworksBuildPhase;
			buildActionMask = 2147483647;
			files = (
				F19258E729C02A538E60EFE5 /* Pods_FitTrackrUITests.framework in Frameworks */,
			);
			runOnlyForDeploymentPostprocessing = 0;
		};
/* End PBXFrameworksBuildPhase section */

/* Begin PBXGroup section */
		312A80E91E30011B003FB1F0 = {
			isa = PBXGroup;
			children = (
				312A80F41E30011B003FB1F0 /* FitTrackr */,
				312A81091E30011B003FB1F0 /* FitTrackrTests */,
				312A81141E30011B003FB1F0 /* FitTrackrUITests */,
				312A80F31E30011B003FB1F0 /* Products */,
				88AEBD6E6C46FA207FD1CEA0 /* Pods */,
				8E74E759103FB1969EA2983C /* Frameworks */,
			);
			sourceTree = "<group>";
		};
		312A80F31E30011B003FB1F0 /* Products */ = {
			isa = PBXGroup;
			children = (
				312A80F21E30011B003FB1F0 /* FitTrackr.app */,
				312A81061E30011B003FB1F0 /* FitTrackrTests.xctest */,
				312A81111E30011B003FB1F0 /* FitTrackrUITests.xctest */,
			);
			name = Products;
			sourceTree = "<group>";
		};
		312A80F41E30011B003FB1F0 /* FitTrackr */ = {
			isa = PBXGroup;
			children = (
				312A80F51E30011B003FB1F0 /* AppDelegate.swift */,
				314AB7FE1E31B16200B7B147 /* PopUpViewController.swift */,
				31F7406D1E3174BD009F54B4 /* MapNode.swift */,
				312A80F71E30011B003FB1F0 /* InitialViewController.swift */,
				312A80F91E30011B003FB1F0 /* Main.storyboard */,
				312A80FC1E30011B003FB1F0 /* Assets.xcassets */,
				312A80FE1E30011B003FB1F0 /* LaunchScreen.storyboard */,
				312A81011E30011B003FB1F0 /* Info.plist */,
			);
			path = FitTrackr;
			sourceTree = "<group>";
		};
		312A81091E30011B003FB1F0 /* FitTrackrTests */ = {
			isa = PBXGroup;
			children = (
				312A810A1E30011B003FB1F0 /* FitTrackrTests.swift */,
				312A810C1E30011B003FB1F0 /* Info.plist */,
			);
			path = FitTrackrTests;
			sourceTree = "<group>";
		};
		312A81141E30011B003FB1F0 /* FitTrackrUITests */ = {
			isa = PBXGroup;
			children = (
				312A81151E30011B003FB1F0 /* FitTrackrUITests.swift */,
				312A81171E30011B003FB1F0 /* Info.plist */,
			);
			path = FitTrackrUITests;
			sourceTree = "<group>";
		};
		88AEBD6E6C46FA207FD1CEA0 /* Pods */ = {
			isa = PBXGroup;
			children = (
				7750473D83957C5A26131598 /* Pods-FitTrackr.debug.xcconfig */,
				E97C872B11C0690787951845 /* Pods-FitTrackr.release.xcconfig */,
				B2421817575CCB15066EDA7D /* Pods-FitTrackrTests.debug.xcconfig */,
				8B1F9DF03A88B368FB87FD70 /* Pods-FitTrackrTests.release.xcconfig */,
				FE4FB5A22A8768E6A23F400A /* Pods-FitTrackrUITests.debug.xcconfig */,
				50EBE0A24EA79839A1E18B31 /* Pods-FitTrackrUITests.release.xcconfig */,
			);
			name = Pods;
			sourceTree = "<group>";
		};
		8E74E759103FB1969EA2983C /* Frameworks */ = {
			isa = PBXGroup;
			children = (
				098E3892EF46CB5D7F9C0EB5 /* Pods_FitTrackr.framework */,
				95BC460602B92940419BB010 /* Pods_FitTrackrTests.framework */,
				32FA34B734EDF3E9E8324291 /* Pods_FitTrackrUITests.framework */,
			);
			name = Frameworks;
			sourceTree = "<group>";
		};
/* End PBXGroup section */

/* Begin PBXNativeTarget section */
		312A80F11E30011B003FB1F0 /* FitTrackr */ = {
			isa = PBXNativeTarget;
			buildConfigurationList = 312A811A1E30011B003FB1F0 /* Build configuration list for PBXNativeTarget "FitTrackr" */;
			buildPhases = (
				A5BFE28FDB3AA17C0F6CA5F7 /* [CP] Check Pods Manifest.lock */,
				312A80EE1E30011B003FB1F0 /* Sources */,
				312A80EF1E30011B003FB1F0 /* Frameworks */,
				312A80F01E30011B003FB1F0 /* Resources */,
				977AA9163EF819A48540D0E1 /* [CP] Embed Pods Frameworks */,
				CA34CB5CDF3130B959F8CC04 /* [CP] Copy Pods Resources */,
			);
			buildRules = (
			);
			dependencies = (
			);
			name = FitTrackr;
			productName = FitTrackr;
			productReference = 312A80F21E30011B003FB1F0 /* FitTrackr.app */;
			productType = "com.apple.product-type.application";
		};
		312A81051E30011B003FB1F0 /* FitTrackrTests */ = {
			isa = PBXNativeTarget;
			buildConfigurationList = 312A811D1E30011B003FB1F0 /* Build configuration list for PBXNativeTarget "FitTrackrTests" */;
			buildPhases = (
				6CFA8FBBF49CAB67ED056E5D /* [CP] Check Pods Manifest.lock */,
				312A81021E30011B003FB1F0 /* Sources */,
				312A81031E30011B003FB1F0 /* Frameworks */,
				312A81041E30011B003FB1F0 /* Resources */,
				26DC5D663C307D93FFAB1947 /* [CP] Embed Pods Frameworks */,
				68CF25671721FA2FD297CC52 /* [CP] Copy Pods Resources */,
			);
			buildRules = (
			);
			dependencies = (
				312A81081E30011B003FB1F0 /* PBXTargetDependency */,
			);
			name = FitTrackrTests;
			productName = FitTrackrTests;
			productReference = 312A81061E30011B003FB1F0 /* FitTrackrTests.xctest */;
			productType = "com.apple.product-type.bundle.unit-test";
		};
		312A81101E30011B003FB1F0 /* FitTrackrUITests */ = {
			isa = PBXNativeTarget;
			buildConfigurationList = 312A81201E30011B003FB1F0 /* Build configuration list for PBXNativeTarget "FitTrackrUITests" */;
			buildPhases = (
				C186CC0875D87FCA394C97C7 /* [CP] Check Pods Manifest.lock */,
				312A810D1E30011B003FB1F0 /* Sources */,
				312A810E1E30011B003FB1F0 /* Frameworks */,
				312A810F1E30011B003FB1F0 /* Resources */,
				76449D2A261520B77A2644CE /* [CP] Embed Pods Frameworks */,
				7EB1654DDB42C04619A24069 /* [CP] Copy Pods Resources */,
			);
			buildRules = (
			);
			dependencies = (
				312A81131E30011B003FB1F0 /* PBXTargetDependency */,
			);
			name = FitTrackrUITests;
			productName = FitTrackrUITests;
			productReference = 312A81111E30011B003FB1F0 /* FitTrackrUITests.xctest */;
			productType = "com.apple.product-type.bundle.ui-testing";
		};
/* End PBXNativeTarget section */

/* Begin PBXProject section */
		312A80EA1E30011B003FB1F0 /* Project object */ = {
			isa = PBXProject;
			attributes = {
				LastSwiftUpdateCheck = 0820;
				LastUpgradeCheck = 0820;
				ORGANIZATIONNAME = "Alex Persson";
				TargetAttributes = {
					312A80F11E30011B003FB1F0 = {
						CreatedOnToolsVersion = 8.2.1;
						DevelopmentTeam = J3MZJE95Q9;
						ProvisioningStyle = Automatic;
					};
					312A81051E30011B003FB1F0 = {
						CreatedOnToolsVersion = 8.2.1;
						DevelopmentTeam = J3MZJE95Q9;
						ProvisioningStyle = Automatic;
						TestTargetID = 312A80F11E30011B003FB1F0;
					};
					312A81101E30011B003FB1F0 = {
						CreatedOnToolsVersion = 8.2.1;
						DevelopmentTeam = J3MZJE95Q9;
						ProvisioningStyle = Automatic;
						TestTargetID = 312A80F11E30011B003FB1F0;
					};
				};
			};
			buildConfigurationList = 312A80ED1E30011B003FB1F0 /* Build configuration list for PBXProject "FitTrackr" */;
			compatibilityVersion = "Xcode 3.2";
			developmentRegion = English;
			hasScannedForEncodings = 0;
			knownRegions = (
				en,
				Base,
			);
			mainGroup = 312A80E91E30011B003FB1F0;
			productRefGroup = 312A80F31E30011B003FB1F0 /* Products */;
			projectDirPath = "";
			projectRoot = "";
			targets = (
				312A80F11E30011B003FB1F0 /* FitTrackr */,
				312A81051E30011B003FB1F0 /* FitTrackrTests */,
				312A81101E30011B003FB1F0 /* FitTrackrUITests */,
			);
		};
/* End PBXProject section */

/* Begin PBXResourcesBuildPhase section */
		312A80F01E30011B003FB1F0 /* Resources */ = {
			isa = PBXResourcesBuildPhase;
			buildActionMask = 2147483647;
			files = (
				312A81001E30011B003FB1F0 /* LaunchScreen.storyboard in Resources */,
				312A80FD1E30011B003FB1F0 /* Assets.xcassets in Resources */,
				312A80FB1E30011B003FB1F0 /* Main.storyboard in Resources */,
			);
			runOnlyForDeploymentPostprocessing = 0;
		};
		312A81041E30011B003FB1F0 /* Resources */ = {
			isa = PBXResourcesBuildPhase;
			buildActionMask = 2147483647;
			files = (
			);
			runOnlyForDeploymentPostprocessing = 0;
		};
		312A810F1E30011B003FB1F0 /* Resources */ = {
			isa = PBXResourcesBuildPhase;
			buildActionMask = 2147483647;
			files = (
			);
			runOnlyForDeploymentPostprocessing = 0;
		};
/* End PBXResourcesBuildPhase section */

/* Begin PBXShellScriptBuildPhase section */
		26DC5D663C307D93FFAB1947 /* [CP] Embed Pods Frameworks */ = {
			isa = PBXShellScriptBuildPhase;
			buildActionMask = 2147483647;
			files = (
			);
			inputPaths = (
			);
			name = "[CP] Embed Pods Frameworks";
			outputPaths = (
			);
			runOnlyForDeploymentPostprocessing = 0;
			shellPath = /bin/sh;
			shellScript = "\"${SRCROOT}/Pods/Target Support Files/Pods-FitTrackrTests/Pods-FitTrackrTests-frameworks.sh\"\n";
			showEnvVarsInLog = 0;
		};
		68CF25671721FA2FD297CC52 /* [CP] Copy Pods Resources */ = {
			isa = PBXShellScriptBuildPhase;
			buildActionMask = 2147483647;
			files = (
			);
			inputPaths = (
			);
			name = "[CP] Copy Pods Resources";
			outputPaths = (
			);
			runOnlyForDeploymentPostprocessing = 0;
			shellPath = /bin/sh;
			shellScript = "\"${SRCROOT}/Pods/Target Support Files/Pods-FitTrackrTests/Pods-FitTrackrTests-resources.sh\"\n";
			showEnvVarsInLog = 0;
		};
		6CFA8FBBF49CAB67ED056E5D /* [CP] Check Pods Manifest.lock */ = {
			isa = PBXShellScriptBuildPhase;
			buildActionMask = 2147483647;
			files = (
			);
			inputPaths = (
			);
			name = "[CP] Check Pods Manifest.lock";
			outputPaths = (
			);
			runOnlyForDeploymentPostprocessing = 0;
			shellPath = /bin/sh;
			shellScript = "diff \"${PODS_ROOT}/../Podfile.lock\" \"${PODS_ROOT}/Manifest.lock\" > /dev/null\nif [ $? != 0 ] ; then\n    # print error to STDERR\n    echo \"error: The sandbox is not in sync with the Podfile.lock. Run 'pod install' or update your CocoaPods installation.\" >&2\n    exit 1\nfi\n";
			showEnvVarsInLog = 0;
		};
		76449D2A261520B77A2644CE /* [CP] Embed Pods Frameworks */ = {
			isa = PBXShellScriptBuildPhase;
			buildActionMask = 2147483647;
			files = (
			);
			inputPaths = (
			);
			name = "[CP] Embed Pods Frameworks";
			outputPaths = (
			);
			runOnlyForDeploymentPostprocessing = 0;
			shellPath = /bin/sh;
			shellScript = "\"${SRCROOT}/Pods/Target Support Files/Pods-FitTrackrUITests/Pods-FitTrackrUITests-frameworks.sh\"\n";
			showEnvVarsInLog = 0;
		};
		7EB1654DDB42C04619A24069 /* [CP] Copy Pods Resources */ = {
			isa = PBXShellScriptBuildPhase;
			buildActionMask = 2147483647;
			files = (
			);
			inputPaths = (
			);
			name = "[CP] Copy Pods Resources";
			outputPaths = (
			);
			runOnlyForDeploymentPostprocessing = 0;
			shellPath = /bin/sh;
			shellScript = "\"${SRCROOT}/Pods/Target Support Files/Pods-FitTrackrUITests/Pods-FitTrackrUITests-resources.sh\"\n";
			showEnvVarsInLog = 0;
		};
		977AA9163EF819A48540D0E1 /* [CP] Embed Pods Frameworks */ = {
			isa = PBXShellScriptBuildPhase;
			buildActionMask = 2147483647;
			files = (
			);
			inputPaths = (
			);
			name = "[CP] Embed Pods Frameworks";
			outputPaths = (
			);
			runOnlyForDeploymentPostprocessing = 0;
			shellPath = /bin/sh;
			shellScript = "\"${SRCROOT}/Pods/Target Support Files/Pods-FitTrackr/Pods-FitTrackr-frameworks.sh\"\n";
			showEnvVarsInLog = 0;
		};
		A5BFE28FDB3AA17C0F6CA5F7 /* [CP] Check Pods Manifest.lock */ = {
			isa = PBXShellScriptBuildPhase;
			buildActionMask = 2147483647;
			files = (
			);
			inputPaths = (
			);
			name = "[CP] Check Pods Manifest.lock";
			outputPaths = (
			);
			runOnlyForDeploymentPostprocessing = 0;
			shellPath = /bin/sh;
			shellScript = "diff \"${PODS_ROOT}/../Podfile.lock\" \"${PODS_ROOT}/Manifest.lock\" > /dev/null\nif [ $? != 0 ] ; then\n    # print error to STDERR\n    echo \"error: The sandbox is not in sync with the Podfile.lock. Run 'pod install' or update your CocoaPods installation.\" >&2\n    exit 1\nfi\n";
			showEnvVarsInLog = 0;
		};
		C186CC0875D87FCA394C97C7 /* [CP] Check Pods Manifest.lock */ = {
			isa = PBXShellScriptBuildPhase;
			buildActionMask = 2147483647;
			files = (
			);
			inputPaths = (
			);
			name = "[CP] Check Pods Manifest.lock";
			outputPaths = (
			);
			runOnlyForDeploymentPostprocessing = 0;
			shellPath = /bin/sh;
			shellScript = "diff \"${PODS_ROOT}/../Podfile.lock\" \"${PODS_ROOT}/Manifest.lock\" > /dev/null\nif [ $? != 0 ] ; then\n    # print error to STDERR\n    echo \"error: The sandbox is not in sync with the Podfile.lock. Run 'pod install' or update your CocoaPods installation.\" >&2\n    exit 1\nfi\n";
			showEnvVarsInLog = 0;
		};
		CA34CB5CDF3130B959F8CC04 /* [CP] Copy Pods Resources */ = {
			isa = PBXShellScriptBuildPhase;
			buildActionMask = 2147483647;
			files = (
			);
			inputPaths = (
			);
			name = "[CP] Copy Pods Resources";
			outputPaths = (
			);
			runOnlyForDeploymentPostprocessing = 0;
			shellPath = /bin/sh;
			shellScript = "\"${SRCROOT}/Pods/Target Support Files/Pods-FitTrackr/Pods-FitTrackr-resources.sh\"\n";
			showEnvVarsInLog = 0;
		};
/* End PBXShellScriptBuildPhase section */

/* Begin PBXSourcesBuildPhase section */
		312A80EE1E30011B003FB1F0 /* Sources */ = {
			isa = PBXSourcesBuildPhase;
			buildActionMask = 2147483647;
			files = (
				31F7406E1E3174BD009F54B4 /* MapNode.swift in Sources */,
				312A80F81E30011B003FB1F0 /* InitialViewController.swift in Sources */,
				312A80F61E30011B003FB1F0 /* AppDelegate.swift in Sources */,
				314AB7FF1E31B16200B7B147 /* PopUpViewController.swift in Sources */,
			);
			runOnlyForDeploymentPostprocessing = 0;
		};
		312A81021E30011B003FB1F0 /* Sources */ = {
			isa = PBXSourcesBuildPhase;
			buildActionMask = 2147483647;
			files = (
				312A810B1E30011B003FB1F0 /* FitTrackrTests.swift in Sources */,
			);
			runOnlyForDeploymentPostprocessing = 0;
		};
		312A810D1E30011B003FB1F0 /* Sources */ = {
			isa = PBXSourcesBuildPhase;
			buildActionMask = 2147483647;
			files = (
				312A81161E30011B003FB1F0 /* FitTrackrUITests.swift in Sources */,
			);
			runOnlyForDeploymentPostprocessing = 0;
		};
/* End PBXSourcesBuildPhase section */

/* Begin PBXTargetDependency section */
		312A81081E30011B003FB1F0 /* PBXTargetDependency */ = {
			isa = PBXTargetDependency;
			target = 312A80F11E30011B003FB1F0 /* FitTrackr */;
			targetProxy = 312A81071E30011B003FB1F0 /* PBXContainerItemProxy */;
		};
		312A81131E30011B003FB1F0 /* PBXTargetDependency */ = {
			isa = PBXTargetDependency;
			target = 312A80F11E30011B003FB1F0 /* FitTrackr */;
			targetProxy = 312A81121E30011B003FB1F0 /* PBXContainerItemProxy */;
		};
/* End PBXTargetDependency section */

/* Begin PBXVariantGroup section */
		312A80F91E30011B003FB1F0 /* Main.storyboard */ = {
			isa = PBXVariantGroup;
			children = (
				312A80FA1E30011B003FB1F0 /* Base */,
			);
			name = Main.storyboard;
			sourceTree = "<group>";
		};
		312A80FE1E30011B003FB1F0 /* LaunchScreen.storyboard */ = {
			isa = PBXVariantGroup;
			children = (
				312A80FF1E30011B003FB1F0 /* Base */,
			);
			name = LaunchScreen.storyboard;
			sourceTree = "<group>";
		};
/* End PBXVariantGroup section */

/* Begin XCBuildConfiguration section */
		312A81181E30011B003FB1F0 /* Debug */ = {
			isa = XCBuildConfiguration;
			buildSettings = {
				ALWAYS_SEARCH_USER_PATHS = NO;
				CLANG_ANALYZER_NONNULL = YES;
				CLANG_CXX_LANGUAGE_STANDARD = "gnu++0x";
				CLANG_CXX_LIBRARY = "libc++";
				CLANG_ENABLE_MODULES = YES;
				CLANG_ENABLE_OBJC_ARC = YES;
				CLANG_WARN_BOOL_CONVERSION = YES;
				CLANG_WARN_CONSTANT_CONVERSION = YES;
				CLANG_WARN_DIRECT_OBJC_ISA_USAGE = YES_ERROR;
				CLANG_WARN_DOCUMENTATION_COMMENTS = YES;
				CLANG_WARN_EMPTY_BODY = YES;
				CLANG_WARN_ENUM_CONVERSION = YES;
				CLANG_WARN_INFINITE_RECURSION = YES;
				CLANG_WARN_INT_CONVERSION = YES;
				CLANG_WARN_OBJC_ROOT_CLASS = YES_ERROR;
				CLANG_WARN_SUSPICIOUS_MOVE = YES;
				CLANG_WARN_UNREACHABLE_CODE = YES;
				CLANG_WARN__DUPLICATE_METHOD_MATCH = YES;
				"CODE_SIGN_IDENTITY[sdk=iphoneos*]" = "iPhone Developer";
				COPY_PHASE_STRIP = NO;
				DEBUG_INFORMATION_FORMAT = dwarf;
				ENABLE_STRICT_OBJC_MSGSEND = YES;
				ENABLE_TESTABILITY = YES;
				GCC_C_LANGUAGE_STANDARD = gnu99;
				GCC_DYNAMIC_NO_PIC = NO;
				GCC_NO_COMMON_BLOCKS = YES;
				GCC_OPTIMIZATION_LEVEL = 0;
				GCC_PREPROCESSOR_DEFINITIONS = (
					"DEBUG=1",
					"$(inherited)",
				);
				GCC_WARN_64_TO_32_BIT_CONVERSION = YES;
				GCC_WARN_ABOUT_RETURN_TYPE = YES_ERROR;
				GCC_WARN_UNDECLARED_SELECTOR = YES;
				GCC_WARN_UNINITIALIZED_AUTOS = YES_AGGRESSIVE;
				GCC_WARN_UNUSED_FUNCTION = YES;
				GCC_WARN_UNUSED_VARIABLE = YES;
				IPHONEOS_DEPLOYMENT_TARGET = 10.2;
				MTL_ENABLE_DEBUG_INFO = YES;
				ONLY_ACTIVE_ARCH = YES;
				SDKROOT = iphoneos;
				SWIFT_ACTIVE_COMPILATION_CONDITIONS = DEBUG;
				SWIFT_OPTIMIZATION_LEVEL = "-Onone";
				TARGETED_DEVICE_FAMILY = "1,2";
			};
			name = Debug;
		};
		312A81191E30011B003FB1F0 /* Release */ = {
			isa = XCBuildConfiguration;
			buildSettings = {
				ALWAYS_SEARCH_USER_PATHS = NO;
				CLANG_ANALYZER_NONNULL = YES;
				CLANG_CXX_LANGUAGE_STANDARD = "gnu++0x";
				CLANG_CXX_LIBRARY = "libc++";
				CLANG_ENABLE_MODULES = YES;
				CLANG_ENABLE_OBJC_ARC = YES;
				CLANG_WARN_BOOL_CONVERSION = YES;
				CLANG_WARN_CONSTANT_CONVERSION = YES;
				CLANG_WARN_DIRECT_OBJC_ISA_USAGE = YES_ERROR;
				CLANG_WARN_DOCUMENTATION_COMMENTS = YES;
				CLANG_WARN_EMPTY_BODY = YES;
				CLANG_WARN_ENUM_CONVERSION = YES;
				CLANG_WARN_INFINITE_RECURSION = YES;
				CLANG_WARN_INT_CONVERSION = YES;
				CLANG_WARN_OBJC_ROOT_CLASS = YES_ERROR;
				CLANG_WARN_SUSPICIOUS_MOVE = YES;
				CLANG_WARN_UNREACHABLE_CODE = YES;
				CLANG_WARN__DUPLICATE_METHOD_MATCH = YES;
				"CODE_SIGN_IDENTITY[sdk=iphoneos*]" = "iPhone Developer";
				COPY_PHASE_STRIP = NO;
				DEBUG_INFORMATION_FORMAT = "dwarf-with-dsym";
				ENABLE_NS_ASSERTIONS = NO;
				ENABLE_STRICT_OBJC_MSGSEND = YES;
				GCC_C_LANGUAGE_STANDARD = gnu99;
				GCC_NO_COMMON_BLOCKS = YES;
				GCC_WARN_64_TO_32_BIT_CONVERSION = YES;
				GCC_WARN_ABOUT_RETURN_TYPE = YES_ERROR;
				GCC_WARN_UNDECLARED_SELECTOR = YES;
				GCC_WARN_UNINITIALIZED_AUTOS = YES_AGGRESSIVE;
				GCC_WARN_UNUSED_FUNCTION = YES;
				GCC_WARN_UNUSED_VARIABLE = YES;
				IPHONEOS_DEPLOYMENT_TARGET = 10.2;
				MTL_ENABLE_DEBUG_INFO = NO;
				SDKROOT = iphoneos;
				SWIFT_OPTIMIZATION_LEVEL = "-Owholemodule";
				TARGETED_DEVICE_FAMILY = "1,2";
				VALIDATE_PRODUCT = YES;
			};
			name = Release;
		};
		312A811B1E30011B003FB1F0 /* Debug */ = {
			isa = XCBuildConfiguration;
			baseConfigurationReference = 7750473D83957C5A26131598 /* Pods-FitTrackr.debug.xcconfig */;
			buildSettings = {
				ASSETCATALOG_COMPILER_APPICON_NAME = AppIcon;
				DEVELOPMENT_TEAM = J3MZJE95Q9;
				INFOPLIST_FILE = FitTrackr/Info.plist;
				LD_RUNPATH_SEARCH_PATHS = "$(inherited) @executable_path/Frameworks";
				PRODUCT_BUNDLE_IDENTIFIER = Personal.FitTrackr;
				PRODUCT_NAME = "$(TARGET_NAME)";
				SWIFT_VERSION = 3.0;
			};
			name = Debug;
		};
		312A811C1E30011B003FB1F0 /* Release */ = {
			isa = XCBuildConfiguration;
			baseConfigurationReference = E97C872B11C0690787951845 /* Pods-FitTrackr.release.xcconfig */;
			buildSettings = {
				ASSETCATALOG_COMPILER_APPICON_NAME = AppIcon;
				DEVELOPMENT_TEAM = J3MZJE95Q9;
				INFOPLIST_FILE = FitTrackr/Info.plist;
				LD_RUNPATH_SEARCH_PATHS = "$(inherited) @executable_path/Frameworks";
				PRODUCT_BUNDLE_IDENTIFIER = Personal.FitTrackr;
				PRODUCT_NAME = "$(TARGET_NAME)";
				SWIFT_VERSION = 3.0;
			};
			name = Release;
		};
		312A811E1E30011B003FB1F0 /* Debug */ = {
			isa = XCBuildConfiguration;
			baseConfigurationReference = B2421817575CCB15066EDA7D /* Pods-FitTrackrTests.debug.xcconfig */;
			buildSettings = {
				ALWAYS_EMBED_SWIFT_STANDARD_LIBRARIES = YES;
				BUNDLE_LOADER = "$(TEST_HOST)";
				DEVELOPMENT_TEAM = J3MZJE95Q9;
				INFOPLIST_FILE = FitTrackrTests/Info.plist;
				LD_RUNPATH_SEARCH_PATHS = "$(inherited) @executable_path/Frameworks @loader_path/Frameworks";
				PRODUCT_BUNDLE_IDENTIFIER = Personal.FitTrackrTests;
				PRODUCT_NAME = "$(TARGET_NAME)";
				SWIFT_VERSION = 3.0;
				TEST_HOST = "$(BUILT_PRODUCTS_DIR)/FitTrackr.app/FitTrackr";
			};
			name = Debug;
		};
		312A811F1E30011B003FB1F0 /* Release */ = {
			isa = XCBuildConfiguration;
			baseConfigurationReference = 8B1F9DF03A88B368FB87FD70 /* Pods-FitTrackrTests.release.xcconfig */;
			buildSettings = {
				ALWAYS_EMBED_SWIFT_STANDARD_LIBRARIES = YES;
				BUNDLE_LOADER = "$(TEST_HOST)";
				DEVELOPMENT_TEAM = J3MZJE95Q9;
				INFOPLIST_FILE = FitTrackrTests/Info.plist;
				LD_RUNPATH_SEARCH_PATHS = "$(inherited) @executable_path/Frameworks @loader_path/Frameworks";
				PRODUCT_BUNDLE_IDENTIFIER = Personal.FitTrackrTests;
				PRODUCT_NAME = "$(TARGET_NAME)";
				SWIFT_VERSION = 3.0;
				TEST_HOST = "$(BUILT_PRODUCTS_DIR)/FitTrackr.app/FitTrackr";
			};
			name = Release;
		};
		312A81211E30011B003FB1F0 /* Debug */ = {
			isa = XCBuildConfiguration;
			baseConfigurationReference = FE4FB5A22A8768E6A23F400A /* Pods-FitTrackrUITests.debug.xcconfig */;
			buildSettings = {
				ALWAYS_EMBED_SWIFT_STANDARD_LIBRARIES = YES;
				DEVELOPMENT_TEAM = J3MZJE95Q9;
				INFOPLIST_FILE = FitTrackrUITests/Info.plist;
				LD_RUNPATH_SEARCH_PATHS = "$(inherited) @executable_path/Frameworks @loader_path/Frameworks";
				PRODUCT_BUNDLE_IDENTIFIER = Personal.FitTrackrUITests;
				PRODUCT_NAME = "$(TARGET_NAME)";
				SWIFT_VERSION = 3.0;
				TEST_TARGET_NAME = FitTrackr;
			};
			name = Debug;
		};
		312A81221E30011B003FB1F0 /* Release */ = {
			isa = XCBuildConfiguration;
			baseConfigurationReference = 50EBE0A24EA79839A1E18B31 /* Pods-FitTrackrUITests.release.xcconfig */;
			buildSettings = {
				ALWAYS_EMBED_SWIFT_STANDARD_LIBRARIES = YES;
				DEVELOPMENT_TEAM = J3MZJE95Q9;
				INFOPLIST_FILE = FitTrackrUITests/Info.plist;
				LD_RUNPATH_SEARCH_PATHS = "$(inherited) @executable_path/Frameworks @loader_path/Frameworks";
				PRODUCT_BUNDLE_IDENTIFIER = Personal.FitTrackrUITests;
				PRODUCT_NAME = "$(TARGET_NAME)";
				SWIFT_VERSION = 3.0;
				TEST_TARGET_NAME = FitTrackr;
			};
			name = Release;
		};
/* End XCBuildConfiguration section */

/* Begin XCConfigurationList section */
		312A80ED1E30011B003FB1F0 /* Build configuration list for PBXProject "FitTrackr" */ = {
			isa = XCConfigurationList;
			buildConfigurations = (
				312A81181E30011B003FB1F0 /* Debug */,
				312A81191E30011B003FB1F0 /* Release */,
			);
			defaultConfigurationIsVisible = 0;
			defaultConfigurationName = Release;
		};
		312A811A1E30011B003FB1F0 /* Build configuration list for PBXNativeTarget "FitTrackr" */ = {
			isa = XCConfigurationList;
			buildConfigurations = (
				312A811B1E30011B003FB1F0 /* Debug */,
				312A811C1E30011B003FB1F0 /* Release */,
			);
			defaultConfigurationIsVisible = 0;
			defaultConfigurationName = Release;
		};
		312A811D1E30011B003FB1F0 /* Build configuration list for PBXNativeTarget "FitTrackrTests" */ = {
			isa = XCConfigurationList;
			buildConfigurations = (
				312A811E1E30011B003FB1F0 /* Debug */,
				312A811F1E30011B003FB1F0 /* Release */,
			);
			defaultConfigurationIsVisible = 0;
			defaultConfigurationName = Release;
		};
		312A81201E30011B003FB1F0 /* Build configuration list for PBXNativeTarget "FitTrackrUITests" */ = {
			isa = XCConfigurationList;
			buildConfigurations = (
				312A81211E30011B003FB1F0 /* Debug */,
				312A81221E30011B003FB1F0 /* Release */,
			);
			defaultConfigurationIsVisible = 0;
			defaultConfigurationName = Release;
		};
/* End XCConfigurationList section */
	};
	rootObject = 312A80EA1E30011B003FB1F0 /* Project object */;
}
